
Microsoft Visual Studio Solution File, Format Version 12.00
# Visual Studio Version 16
VisualStudioVersion = 16.0.31424.327
MinimumVisualStudioVersion = 10.0.40219.1
Project("{FAE04EC0-301F-11D3-BF4B-00C04F79EFBC}") = "ACSTimeUse", "ACSTimeUse.csproj", "{9182A70F-3141-4C05-9837-5DED9B248C84}"
EndProject
Global
	GlobalSection(SolutionConfigurationPlatforms) = preSolution
		Debug|Any CPU = Debug|Any CPU
		Release|Any CPU = Release|Any CPU
	EndGlobalSection
	GlobalSection(ProjectConfigurationPlatforms) = postSolution
		{9182A70F-3141-4C05-9837-5DED9B248C84}.Debug|Any CPU.ActiveCfg = Debug|Any CPU
		{9182A70F-3141-4C05-9837-5DED9B248C84}.Debug|Any CPU.Build.0 = Debug|Any CPU
		{9182A70F-3141-4C05-9837-5DED9B248C84}.Release|Any CPU.ActiveCfg = Release|Any CPU
		{9182A70F-3141-4C05-9837-5DED9B248C84}.Release|Any CPU.Build.0 = Release|Any CPU
	EndGlobalSection
	GlobalSection(SolutionProperties) = preSolution
		HideSolutionNode = FALSE
	EndGlobalSection
	GlobalSection(ExtensibilityGlobals) = postSolution
		SolutionGuid = {ECC4B744-123E-4D34-AFED-1583EF9DCC4D}
	EndGlobalSection
EndGlobal
